<Solution>
  <Project Path="SocialBookAPI/SocialBookAPI.csproj" Id="75f3fe66-4317-48ae-9065-81a93995c94e" />
  <Project Path="SocialBookAppApplication/SocialBookAppApplication.csproj" />
  <Project Path="SocialBookAppCLI/SocialBookAppCLI.csproj" Id="ddc0c070-ea0f-4b1f-bcc1-dcbde37b9427" />
  <Project Path="SocialBookAppDomain/SocialBookAppDomain.csproj" />
  <Project Path="SocialBookAppInfrastructure/SocialBookAppInfrastructure.csproj" Id="b918c4df-31a8-4250-bcdf-23570ecdc16b" />
</Solution>
